// !$*UTF8*$!
{
	archiveVersion = 1;
	classes = {
	};
	objectVersion = 50;
	objects = {

/* Begin PBXBuildFile section */
		95173CD824A6AFDD0003FFC9 /* OrderDetailViewController.swift in Sources */ = {isa = PBXBuildFile; fileRef = 95173CD724A6AFDD0003FFC9 /* OrderDetailViewController.swift */; };
		9524CBA624AA8A2900A3D093 /* SpecDetailViewController.swift in Sources */ = {isa = PBXBuildFile; fileRef = 9524CBA524AA8A2900A3D093 /* SpecDetailViewController.swift */; };
		95411F2824AB7D0000D39113 /* Order.swift in Sources */ = {isa = PBXBuildFile; fileRef = 95411F2724AB7D0000D39113 /* Order.swift */; };
		957595A524AD13CF00D78861 /* listCell.swift in Sources */ = {isa = PBXBuildFile; fileRef = 957595A424AD13CF00D78861 /* listCell.swift */; };
		95E9303724A66F510068B5A1 /* AppDelegate.swift in Sources */ = {isa = PBXBuildFile; fileRef = 95E9303624A66F510068B5A1 /* AppDelegate.swift */; };
		95E9303924A66F510068B5A1 /* SceneDelegate.swift in Sources */ = {isa = PBXBuildFile; fileRef = 95E9303824A66F510068B5A1 /* SceneDelegate.swift */; };
		95E9303E24A66F510068B5A1 /* Main.storyboard in Resources */ = {isa = PBXBuildFile; fileRef = 95E9303C24A66F510068B5A1 /* Main.storyboard */; };
		95E9304024A66F510068B5A1 /* Assets.xcassets in Resources */ = {isa = PBXBuildFile; fileRef = 95E9303F24A66F510068B5A1 /* Assets.xcassets */; };
		95E9304324A66F510068B5A1 /* LaunchScreen.storyboard in Resources */ = {isa = PBXBuildFile; fileRef = 95E9304124A66F510068B5A1 /* LaunchScreen.storyboard */; };
		95E9304D24A66F990068B5A1 /* Login.storyboard in Resources */ = {isa = PBXBuildFile; fileRef = 95E9304C24A66F990068B5A1 /* Login.storyboard */; };
		95E9304F24A671070068B5A1 /* LoginViewController.swift in Sources */ = {isa = PBXBuildFile; fileRef = 95E9304E24A671070068B5A1 /* LoginViewController.swift */; };
		95E9305624A68CD60068B5A1 /* Spec.swift in Sources */ = {isa = PBXBuildFile; fileRef = 95E9305524A68CD60068B5A1 /* Spec.swift */; };
		95E9305924A68D460068B5A1 /* Constants.swift in Sources */ = {isa = PBXBuildFile; fileRef = 95E9305824A68D460068B5A1 /* Constants.swift */; };
		95E9305C24A68D8B0068B5A1 /* SpecCell.swift in Sources */ = {isa = PBXBuildFile; fileRef = 95E9305B24A68D8B0068B5A1 /* SpecCell.swift */; };
		95E9305E24A68DC50068B5A1 /* OrderCell.swift in Sources */ = {isa = PBXBuildFile; fileRef = 95E9305D24A68DC50068B5A1 /* OrderCell.swift */; };
		95E9306024A69E5F0068B5A1 /* SpecViewController.swift in Sources */ = {isa = PBXBuildFile; fileRef = 95E9305F24A69E5F0068B5A1 /* SpecViewController.swift */; };
		95E9306224A69EA30068B5A1 /* OrderViewController.swift in Sources */ = {isa = PBXBuildFile; fileRef = 95E9306124A69EA30068B5A1 /* OrderViewController.swift */; };
		95E9306424A69F210068B5A1 /* OrderListViewController.swift in Sources */ = {isa = PBXBuildFile; fileRef = 95E9306324A69F210068B5A1 /* OrderListViewController.swift */; };
/* End PBXBuildFile section */

/* Begin PBXFileReference section */
		95173CD724A6AFDD0003FFC9 /* OrderDetailViewController.swift */ = {isa = PBXFileReference; lastKnownFileType = sourcecode.swift; path = OrderDetailViewController.swift; sourceTree = "<group>"; };
		9524CBA524AA8A2900A3D093 /* SpecDetailViewController.swift */ = {isa = PBXFileReference; lastKnownFileType = sourcecode.swift; path = SpecDetailViewController.swift; sourceTree = "<group>"; };
		95411F2724AB7D0000D39113 /* Order.swift */ = {isa = PBXFileReference; lastKnownFileType = sourcecode.swift; path = Order.swift; sourceTree = "<group>"; };
		957595A424AD13CF00D78861 /* listCell.swift */ = {isa = PBXFileReference; lastKnownFileType = sourcecode.swift; path = listCell.swift; sourceTree = "<group>"; };
		95E9303324A66F510068B5A1 /* OrderApp.app */ = {isa = PBXFileReference; explicitFileType = wrapper.application; includeInIndex = 0; path = OrderApp.app; sourceTree = BUILT_PRODUCTS_DIR; };
		95E9303624A66F510068B5A1 /* AppDelegate.swift */ = {isa = PBXFileReference; lastKnownFileType = sourcecode.swift; path = AppDelegate.swift; sourceTree = "<group>"; };
		95E9303824A66F510068B5A1 /* SceneDelegate.swift */ = {isa = PBXFileReference; lastKnownFileType = sourcecode.swift; path = SceneDelegate.swift; sourceTree = "<group>"; };
		95E9303D24A66F510068B5A1 /* Base */ = {isa = PBXFileReference; lastKnownFileType = file.storyboard; name = Base; path = Base.lproj/Main.storyboard; sourceTree = "<group>"; };
		95E9303F24A66F510068B5A1 /* Assets.xcassets */ = {isa = PBXFileReference; lastKnownFileType = folder.assetcatalog; path = Assets.xcassets; sourceTree = "<group>"; };
		95E9304224A66F510068B5A1 /* Base */ = {isa = PBXFileReference; lastKnownFileType = file.storyboard; name = Base; path = Base.lproj/LaunchScreen.storyboard; sourceTree = "<group>"; };
		95E9304424A66F510068B5A1 /* Info.plist */ = {isa = PBXFileReference; lastKnownFileType = text.plist.xml; path = Info.plist; sourceTree = "<group>"; };
		95E9304C24A66F990068B5A1 /* Login.storyboard */ = {isa = PBXFileReference; lastKnownFileType = file.storyboard; path = Login.storyboard; sourceTree = "<group>"; };
		95E9304E24A671070068B5A1 /* LoginViewController.swift */ = {isa = PBXFileReference; lastKnownFileType = sourcecode.swift; path = LoginViewController.swift; sourceTree = "<group>"; };
		95E9305524A68CD60068B5A1 /* Spec.swift */ = {isa = PBXFileReference; lastKnownFileType = sourcecode.swift; path = Spec.swift; sourceTree = "<group>"; };
		95E9305824A68D460068B5A1 /* Constants.swift */ = {isa = PBXFileReference; lastKnownFileType = sourcecode.swift; path = Constants.swift; sourceTree = "<group>"; };
		95E9305B24A68D8B0068B5A1 /* SpecCell.swift */ = {isa = PBXFileReference; lastKnownFileType = sourcecode.swift; path = SpecCell.swift; sourceTree = "<group>"; };
		95E9305D24A68DC50068B5A1 /* OrderCell.swift */ = {isa = PBXFileReference; lastKnownFileType = sourcecode.swift; path = OrderCell.swift; sourceTree = "<group>"; };
		95E9305F24A69E5F0068B5A1 /* SpecViewController.swift */ = {isa = PBXFileReference; lastKnownFileType = sourcecode.swift; path = SpecViewController.swift; sourceTree = "<group>"; };
		95E9306124A69EA30068B5A1 /* OrderViewController.swift */ = {isa = PBXFileReference; lastKnownFileType = sourcecode.swift; path = OrderViewController.swift; sourceTree = "<group>"; };
		95E9306324A69F210068B5A1 /* OrderListViewController.swift */ = {isa = PBXFileReference; lastKnownFileType = sourcecode.swift; path = OrderListViewController.swift; sourceTree = "<group>"; };
/* End PBXFileReference section */

/* Begin PBXFrameworksBuildPhase section */
		95E9303024A66F510068B5A1 /* Frameworks */ = {
			isa = PBXFrameworksBuildPhase;
			buildActionMask = 2147483647;
			files = (
			);
			runOnlyForDeploymentPostprocessing = 0;
		};
/* End PBXFrameworksBuildPhase section */

/* Begin PBXGroup section */
		95E9302A24A66F510068B5A1 = {
			isa = PBXGroup;
			children = (
				95E9303524A66F510068B5A1 /* OrderApp */,
				95E9303424A66F510068B5A1 /* Products */,
			);
			sourceTree = "<group>";
		};
		95E9303424A66F510068B5A1 /* Products */ = {
			isa = PBXGroup;
			children = (
				95E9303324A66F510068B5A1 /* OrderApp.app */,
			);
			name = Products;
			sourceTree = "<group>";
		};
		95E9303524A66F510068B5A1 /* OrderApp */ = {
			isa = PBXGroup;
			children = (
				95E9303624A66F510068B5A1 /* AppDelegate.swift */,
				95E9303824A66F510068B5A1 /* SceneDelegate.swift */,
				95E9305A24A68D7B0068B5A1 /* Views */,
				95E9305724A68D350068B5A1 /* Helpers */,
				95E9305224A684000068B5A1 /* Models */,
				95E9304A24A66F670068B5A1 /* View Controllers */,
				95E9304B24A66F780068B5A1 /* Storyboards */,
				95E9303F24A66F510068B5A1 /* Assets.xcassets */,
				95E9304424A66F510068B5A1 /* Info.plist */,
			);
			path = OrderApp;
			sourceTree = "<group>";
		};
		95E9304A24A66F670068B5A1 /* View Controllers */ = {
			isa = PBXGroup;
			children = (
				95E9304E24A671070068B5A1 /* LoginViewController.swift */,
				95E9305F24A69E5F0068B5A1 /* SpecViewController.swift */,
				95E9306124A69EA30068B5A1 /* OrderViewController.swift */,
				95E9306324A69F210068B5A1 /* OrderListViewController.swift */,
				95173CD724A6AFDD0003FFC9 /* OrderDetailViewController.swift */,
				9524CBA524AA8A2900A3D093 /* SpecDetailViewController.swift */,
			);
			path = "View Controllers";
			sourceTree = "<group>";
		};
		95E9304B24A66F780068B5A1 /* Storyboards */ = {
			isa = PBXGroup;
			children = (
				95E9303C24A66F510068B5A1 /* Main.storyboard */,
				95E9304124A66F510068B5A1 /* LaunchScreen.storyboard */,
				95E9304C24A66F990068B5A1 /* Login.storyboard */,
			);
			path = Storyboards;
			sourceTree = "<group>";
		};
		95E9305224A684000068B5A1 /* Models */ = {
			isa = PBXGroup;
			children = (
				95E9305524A68CD60068B5A1 /* Spec.swift */,
				95411F2724AB7D0000D39113 /* Order.swift */,
			);
			path = Models;
			sourceTree = "<group>";
		};
		95E9305724A68D350068B5A1 /* Helpers */ = {
			isa = PBXGroup;
			children = (
				95E9305824A68D460068B5A1 /* Constants.swift */,
			);
			path = Helpers;
			sourceTree = "<group>";
		};
		95E9305A24A68D7B0068B5A1 /* Views */ = {
			isa = PBXGroup;
			children = (
				95E9305B24A68D8B0068B5A1 /* SpecCell.swift */,
				95E9305D24A68DC50068B5A1 /* OrderCell.swift */,
				957595A424AD13CF00D78861 /* listCell.swift */,
			);
			path = Views;
			sourceTree = "<group>";
		};
/* End PBXGroup section */

/* Begin PBXNativeTarget section */
		95E9303224A66F510068B5A1 /* OrderApp */ = {
			isa = PBXNativeTarget;
			buildConfigurationList = 95E9304724A66F510068B5A1 /* Build configuration list for PBXNativeTarget "OrderApp" */;
			buildPhases = (
				95E9302F24A66F510068B5A1 /* Sources */,
				95E9303024A66F510068B5A1 /* Frameworks */,
				95E9303124A66F510068B5A1 /* Resources */,
			);
			buildRules = (
			);
			dependencies = (
			);
			name = OrderApp;
			productName = OrderApp;
			productReference = 95E9303324A66F510068B5A1 /* OrderApp.app */;
			productType = "com.apple.product-type.application";
		};
/* End PBXNativeTarget section */

/* Begin PBXProject section */
		95E9302B24A66F510068B5A1 /* Project object */ = {
			isa = PBXProject;
			attributes = {
				LastSwiftUpdateCheck = 1200;
				LastUpgradeCheck = 1200;
				TargetAttributes = {
					95E9303224A66F510068B5A1 = {
						CreatedOnToolsVersion = 12.0;
					};
				};
			};
			buildConfigurationList = 95E9302E24A66F510068B5A1 /* Build configuration list for PBXProject "OrderApp" */;
			compatibilityVersion = "Xcode 9.3";
			developmentRegion = en;
			hasScannedForEncodings = 0;
			knownRegions = (
				en,
				Base,
			);
			mainGroup = 95E9302A24A66F510068B5A1;
			productRefGroup = 95E9303424A66F510068B5A1 /* Products */;
			projectDirPath = "";
			projectRoot = "";
			targets = (
				95E9303224A66F510068B5A1 /* OrderApp */,
			);
		};
/* End PBXProject section */

/* Begin PBXResourcesBuildPhase section */
		95E9303124A66F510068B5A1 /* Resources */ = {
			isa = PBXResourcesBuildPhase;
			buildActionMask = 2147483647;
			files = (
				95E9304D24A66F990068B5A1 /* Login.storyboard in Resources */,
				95E9304324A66F510068B5A1 /* LaunchScreen.storyboard in Resources */,
				95E9304024A66F510068B5A1 /* Assets.xcassets in Resources */,
				95E9303E24A66F510068B5A1 /* Main.storyboard in Resources */,
			);
			runOnlyForDeploymentPostprocessing = 0;
		};
/* End PBXResourcesBuildPhase section */

/* Begin PBXSourcesBuildPhase section */
		95E9302F24A66F510068B5A1 /* Sources */ = {
			isa = PBXSourcesBuildPhase;
			buildActionMask = 2147483647;
			files = (
				95173CD824A6AFDD0003FFC9 /* OrderDetailViewController.swift in Sources */,
				95E9306224A69EA30068B5A1 /* OrderViewController.swift in Sources */,
				95E9306424A69F210068B5A1 /* OrderListViewController.swift in Sources */,
				95E9305C24A68D8B0068B5A1 /* SpecCell.swift in Sources */,
				95E9304F24A671070068B5A1 /* LoginViewController.swift in Sources */,
				95E9305E24A68DC50068B5A1 /* OrderCell.swift in Sources */,
				95411F2824AB7D0000D39113 /* Order.swift in Sources */,
				95E9306024A69E5F0068B5A1 /* SpecViewController.swift in Sources */,
				957595A524AD13CF00D78861 /* listCell.swift in Sources */,
				95E9303724A66F510068B5A1 /* AppDelegate.swift in Sources */,
				95E9305624A68CD60068B5A1 /* Spec.swift in Sources */,
				9524CBA624AA8A2900A3D093 /* SpecDetailViewController.swift in Sources */,
				95E9303924A66F510068B5A1 /* SceneDelegate.swift in Sources */,
				95E9305924A68D460068B5A1 /* Constants.swift in Sources */,
			);
			runOnlyForDeploymentPostprocessing = 0;
		};
/* End PBXSourcesBuildPhase section */

/* Begin PBXVariantGroup section */
		95E9303C24A66F510068B5A1 /* Main.storyboard */ = {
			isa = PBXVariantGroup;
			children = (
				95E9303D24A66F510068B5A1 /* Base */,
			);
			name = Main.storyboard;
			sourceTree = "<group>";
		};
		95E9304124A66F510068B5A1 /* LaunchScreen.storyboard */ = {
			isa = PBXVariantGroup;
			children = (
				95E9304224A66F510068B5A1 /* Base */,
			);
			name = LaunchScreen.storyboard;
			sourceTree = "<group>";
		};
/* End PBXVariantGroup section */

/* Begin XCBuildConfiguration section */
		95E9304524A66F510068B5A1 /* Debug */ = {
			isa = XCBuildConfiguration;
			buildSettings = {
				ALWAYS_SEARCH_USER_PATHS = NO;
				CLANG_ANALYZER_NONNULL = YES;
				CLANG_ANALYZER_NUMBER_OBJECT_CONVERSION = YES_AGGRESSIVE;
				CLANG_CXX_LANGUAGE_STANDARD = "gnu++14";
				CLANG_CXX_LIBRARY = "libc++";
				CLANG_ENABLE_MODULES = YES;
				CLANG_ENABLE_OBJC_ARC = YES;
				CLANG_ENABLE_OBJC_WEAK = YES;
				CLANG_WARN_BLOCK_CAPTURE_AUTORELEASING = YES;
				CLANG_WARN_BOOL_CONVERSION = YES;
				CLANG_WARN_COMMA = YES;
				CLANG_WARN_CONSTANT_CONVERSION = YES;
				CLANG_WARN_DEPRECATED_OBJC_IMPLEMENTATIONS = YES;
				CLANG_WARN_DIRECT_OBJC_ISA_USAGE = YES_ERROR;
				CLANG_WARN_DOCUMENTATION_COMMENTS = YES;
				CLANG_WARN_EMPTY_BODY = YES;
				CLANG_WARN_ENUM_CONVERSION = YES;
				CLANG_WARN_INFINITE_RECURSION = YES;
				CLANG_WARN_INT_CONVERSION = YES;
				CLANG_WARN_NON_LITERAL_NULL_CONVERSION = YES;
				CLANG_WARN_OBJC_IMPLICIT_RETAIN_SELF = YES;
				CLANG_WARN_OBJC_LITERAL_CONVERSION = YES;
				CLANG_WARN_OBJC_ROOT_CLASS = YES_ERROR;
				CLANG_WARN_QUOTED_INCLUDE_IN_FRAMEWORK_HEADER = YES;
				CLANG_WARN_RANGE_LOOP_ANALYSIS = YES;
				CLANG_WARN_STRICT_PROTOTYPES = YES;
				CLANG_WARN_SUSPICIOUS_MOVE = YES;
				CLANG_WARN_UNGUARDED_AVAILABILITY = YES_AGGRESSIVE;
				CLANG_WARN_UNREACHABLE_CODE = YES;
				CLANG_WARN__DUPLICATE_METHOD_MATCH = YES;
				COPY_PHASE_STRIP = NO;
				DEBUG_INFORMATION_FORMAT = dwarf;
				ENABLE_STRICT_OBJC_MSGSEND = YES;
				ENABLE_TESTABILITY = YES;
				GCC_C_LANGUAGE_STANDARD = gnu11;
				GCC_DYNAMIC_NO_PIC = NO;
				GCC_NO_COMMON_BLOCKS = YES;
				GCC_OPTIMIZATION_LEVEL = 0;
				GCC_PREPROCESSOR_DEFINITIONS = (
					"DEBUG=1",
					"$(inherited)",
				);
				GCC_WARN_64_TO_32_BIT_CONVERSION = YES;
				GCC_WARN_ABOUT_RETURN_TYPE = YES_ERROR;
				GCC_WARN_UNDECLARED_SELECTOR = YES;
				GCC_WARN_UNINITIALIZED_AUTOS = YES_AGGRESSIVE;
				GCC_WARN_UNUSED_FUNCTION = YES;
				GCC_WARN_UNUSED_VARIABLE = YES;
				IPHONEOS_DEPLOYMENT_TARGET = 14.0;
				MTL_ENABLE_DEBUG_INFO = INCLUDE_SOURCE;
				MTL_FAST_MATH = YES;
				ONLY_ACTIVE_ARCH = YES;
				SDKROOT = iphoneos;
				SWIFT_ACTIVE_COMPILATION_CONDITIONS = DEBUG;
				SWIFT_OPTIMIZATION_LEVEL = "-Onone";
			};
			name = Debug;
		};
		95E9304624A66F510068B5A1 /* Release */ = {
			isa = XCBuildConfiguration;
			buildSettings = {
				ALWAYS_SEARCH_USER_PATHS = NO;
				CLANG_ANALYZER_NONNULL = YES;
				CLANG_ANALYZER_NUMBER_OBJECT_CONVERSION = YES_AGGRESSIVE;
				CLANG_CXX_LANGUAGE_STANDARD = "gnu++14";
				CLANG_CXX_LIBRARY = "libc++";
				CLANG_ENABLE_MODULES = YES;
				CLANG_ENABLE_OBJC_ARC = YES;
				CLANG_ENABLE_OBJC_WEAK = YES;
				CLANG_WARN_BLOCK_CAPTURE_AUTORELEASING = YES;
				CLANG_WARN_BOOL_CONVERSION = YES;
				CLANG_WARN_COMMA = YES;
				CLANG_WARN_CONSTANT_CONVERSION = YES;
				CLANG_WARN_DEPRECATED_OBJC_IMPLEMENTATIONS = YES;
				CLANG_WARN_DIRECT_OBJC_ISA_USAGE = YES_ERROR;
				CLANG_WARN_DOCUMENTATION_COMMENTS = YES;
				CLANG_WARN_EMPTY_BODY = YES;
				CLANG_WARN_ENUM_CONVERSION = YES;
				CLANG_WARN_INFINITE_RECURSION = YES;
				CLANG_WARN_INT_CONVERSION = YES;
				CLANG_WARN_NON_LITERAL_NULL_CONVERSION = YES;
				CLANG_WARN_OBJC_IMPLICIT_RETAIN_SELF = YES;
				CLANG_WARN_OBJC_LITERAL_CONVERSION = YES;
				CLANG_WARN_OBJC_ROOT_CLASS = YES_ERROR;
				CLANG_WARN_QUOTED_INCLUDE_IN_FRAMEWORK_HEADER = YES;
				CLANG_WARN_RANGE_LOOP_ANALYSIS = YES;
				CLANG_WARN_STRICT_PROTOTYPES = YES;
				CLANG_WARN_SUSPICIOUS_MOVE = YES;
				CLANG_WARN_UNGUARDED_AVAILABILITY = YES_AGGRESSIVE;
				CLANG_WARN_UNREACHABLE_CODE = YES;
				CLANG_WARN__DUPLICATE_METHOD_MATCH = YES;
				COPY_PHASE_STRIP = NO;
				DEBUG_INFORMATION_FORMAT = "dwarf-with-dsym";
				ENABLE_NS_ASSERTIONS = NO;
				ENABLE_STRICT_OBJC_MSGSEND = YES;
				GCC_C_LANGUAGE_STANDARD = gnu11;
				GCC_NO_COMMON_BLOCKS = YES;
				GCC_WARN_64_TO_32_BIT_CONVERSION = YES;
				GCC_WARN_ABOUT_RETURN_TYPE = YES_ERROR;
				GCC_WARN_UNDECLARED_SELECTOR = YES;
				GCC_WARN_UNINITIALIZED_AUTOS = YES_AGGRESSIVE;
				GCC_WARN_UNUSED_FUNCTION = YES;
				GCC_WARN_UNUSED_VARIABLE = YES;
				IPHONEOS_DEPLOYMENT_TARGET = 14.0;
				MTL_ENABLE_DEBUG_INFO = NO;
				MTL_FAST_MATH = YES;
				SDKROOT = iphoneos;
				SWIFT_COMPILATION_MODE = wholemodule;
				SWIFT_OPTIMIZATION_LEVEL = "-O";
				VALIDATE_PRODUCT = YES;
			};
			name = Release;
		};
		95E9304824A66F510068B5A1 /* Debug */ = {
			isa = XCBuildConfiguration;
			buildSettings = {
				ASSETCATALOG_COMPILER_APPICON_NAME = AppIcon;
				ASSETCATALOG_COMPILER_GLOBAL_ACCENT_COLOR_NAME = AccentColor;
				CODE_SIGN_STYLE = Automatic;
				DEVELOPMENT_TEAM = CW7RK4BNJW;
				INFOPLIST_FILE = OrderApp/Info.plist;
				LD_RUNPATH_SEARCH_PATHS = (
					"$(inherited)",
					"@executable_path/Frameworks",
				);
				PRODUCT_BUNDLE_IDENTIFIER = com.lucas.OrderApp;
				PRODUCT_NAME = "$(TARGET_NAME)";
				SWIFT_VERSION = 5.0;
				TARGETED_DEVICE_FAMILY = "1,2";
			};
			name = Debug;
		};
		95E9304924A66F510068B5A1 /* Release */ = {
			isa = XCBuildConfiguration;
			buildSettings = {
				ASSETCATALOG_COMPILER_APPICON_NAME = AppIcon;
				ASSETCATALOG_COMPILER_GLOBAL_ACCENT_COLOR_NAME = AccentColor;
				CODE_SIGN_STYLE = Automatic;
				DEVELOPMENT_TEAM = CW7RK4BNJW;
				INFOPLIST_FILE = OrderApp/Info.plist;
				LD_RUNPATH_SEARCH_PATHS = (
					"$(inherited)",
					"@executable_path/Frameworks",
				);
				PRODUCT_BUNDLE_IDENTIFIER = com.lucas.OrderApp;
				PRODUCT_NAME = "$(TARGET_NAME)";
				SWIFT_VERSION = 5.0;
				TARGETED_DEVICE_FAMILY = "1,2";
			};
			name = Release;
		};
/* End XCBuildConfiguration section */

/* Begin XCConfigurationList section */
		95E9302E24A66F510068B5A1 /* Build configuration list for PBXProject "OrderApp" */ = {
			isa = XCConfigurationList;
			buildConfigurations = (
				95E9304524A66F510068B5A1 /* Debug */,
				95E9304624A66F510068B5A1 /* Release */,
			);
			defaultConfigurationIsVisible = 0;
			defaultConfigurationName = Release;
		};
		95E9304724A66F510068B5A1 /* Build configuration list for PBXNativeTarget "OrderApp" */ = {
			isa = XCConfigurationList;
			buildConfigurations = (
				95E9304824A66F510068B5A1 /* Debug */,
				95E9304924A66F510068B5A1 /* Release */,
			);
			defaultConfigurationIsVisible = 0;
			defaultConfigurationName = Release;
		};
/* End XCConfigurationList section */
	};
	rootObject = 95E9302B24A66F510068B5A1 /* Project object */;
}
